
Microsoft Visual Studio Solution File, Format Version 12.00
# Visual Studio Version 17
VisualStudioVersion = 17.11.35312.102
MinimumVisualStudioVersion = 10.0.40219.1
Project("{8BC9CEB8-8B4A-11D0-8D11-00A0C91BC942}") = "Client", "Client\Client.vcxproj", "{3926EC69-9E38-410A-81E9-EE0E8225D3B9}"
EndProject
Project("{8BC9CEB8-8B4A-11D0-8D11-00A0C91BC942}") = "Server", "Server\Server.vcxproj", "{65556B77-234C-4508-84FD-A985A7B17905}"
EndProject
Global
	GlobalSection(SolutionConfigurationPlatforms) = preSolution
		Debug|x64 = Debug|x64
		Debug|x86 = Debug|x86
		Release|x64 = Release|x64
		Release|x86 = Release|x86
	EndGlobalSection
	GlobalSection(ProjectConfigurationPlatforms) = postSolution
		{3926EC69-9E38-410A-81E9-EE0E8225D3B9}.Debug|x64.ActiveCfg = Debug|x64
		{3926EC69-9E38-410A-81E9-EE0E8225D3B9}.Debug|x64.Build.0 = Debug|x64
		{3926EC69-9E38-410A-81E9-EE0E8225D3B9}.Debug|x86.ActiveCfg = Debug|Win32
		{3926EC69-9E38-410A-81E9-EE0E8225D3B9}.Debug|x86.Build.0 = Debug|Win32
		{3926EC69-9E38-410A-81E9-EE0E8225D3B9}.Release|x64.ActiveCfg = Release|x64
		{3926EC69-9E38-410A-81E9-EE0E8225D3B9}.Release|x64.Build.0 = Release|x64
		{3926EC69-9E38-410A-81E9-EE0E8225D3B9}.Release|x86.ActiveCfg = Release|Win32
		{3926EC69-9E38-410A-81E9-EE0E8225D3B9}.Release|x86.Build.0 = Release|Win32
		{65556B77-234C-4508-84FD-A985A7B17905}.Debug|x64.ActiveCfg = Debug|x64
		{65556B77-234C-4508-84FD-A985A7B17905}.Debug|x64.Build.0 = Debug|x64
		{65556B77-234C-4508-84FD-A985A7B17905}.Debug|x86.ActiveCfg = Debug|Win32
		{65556B77-234C-4508-84FD-A985A7B17905}.Debug|x86.Build.0 = Debug|Win32
		{65556B77-234C-4508-84FD-A985A7B17905}.Release|x64.ActiveCfg = Release|x64
		{65556B77-234C-4508-84FD-A985A7B17905}.Release|x64.Build.0 = Release|x64
		{65556B77-234C-4508-84FD-A985A7B17905}.Release|x86.ActiveCfg = Release|Win32
		{65556B77-234C-4508-84FD-A985A7B17905}.Release|x86.Build.0 = Release|Win32
	EndGlobalSection
	GlobalSection(SolutionProperties) = preSolution
		HideSolutionNode = FALSE
	EndGlobalSection
	GlobalSection(ExtensibilityGlobals) = postSolution
		SolutionGuid = {29F1A6B6-C3D6-40BF-97FB-975B2982B404}
	EndGlobalSection
EndGlobal
